version = 1
revision = 3
requires-python = ">=3.14"

[options]
exclude-newer = "0001-01-01T00:00:00Z" # This has no effect and is included for backwards compatibility when using relative exclude-newer values.
exclude-newer-span = "P3D"

[[package]]
name = "base-repo"
version = "0.1.0"
source = { virtual = "." }

[package.dev-dependencies]
ci = [
    { name = "uv" },
]
dev = [
    { name = "yamllint" },
]

[package.metadata]

[package.metadata.requires-dev]
ci = [{ name = "uv", specifier = ">=0.12.21" }]
dev = [{ name = "yamllint", specifier = ">=1.38.0" }]

[[package]]
name = "pathspec"
version = "1.1.1"
source = { registry = "https://pypi.org/simple" }
sdist = { url = "https://files.pythonhosted.org/packages/5a/82/42f767fc1c1143d6fd36efb827202a2d997a375e160a71eb2888a925aac1/pathspec-1.1.1.tar.gz", hash = "sha256:17db5ecd524104a120e173814c90367a96a98d07c45b2e10c2f3919fff91bf5a", size = 135180, upload-time = "2026-04-27T01:46:08.907Z" }
wheels = [
    { url = "https://files.pythonhosted.org/packages/f1/d9/7fb5aa316bc299258e68c73ba3bddbc499654a07f151cba08f6153988714/pathspec-1.1.1-py3-none-any.whl", hash = "sha256:a00ce642f577bf7f473932318056212bc4f8bfdf53128c78bbd5af0b9b20b189", size = 57328, upload-time = "2026-04-27T01:46:07.06Z" },
]

[[package]]
name = "pyyaml"
version = "6.0.3"
source = { registry = "https://pypi.org/simple" }
sdist = { url = "https://files.pythonhosted.org/packages/05/8e/961c0007c59b8dd7729d542c61a4d537767a59645b82a0b521206e1e25c2/pyyaml-6.0.3.tar.gz", hash = "sha256:d76623373421df22fb4cf8817020cbb7ef15c725b9d5e45f17e189bfc384190f", size = 130960, upload-time = "2025-09-25T21:33:16.546Z" }
wheels = [
    { url = "https://files.pythonhosted.org/packages/9d/8c/f4bd7f6465179953d3ac9bc44ac1a8a3e6122cf8ada906b4f96c60172d43/pyyaml-6.0.3-cp314-cp314-macosx_10_13_x86_64.whl", hash = "sha256:8d1fab6bb153a416f9aeb4b8763bc0f22a5586065f86f7664fc23339fc1c1fac", size = 181814, upload-time = "2025-09-25T21:32:35.712Z" },
    { url = "https://files.pythonhosted.org/packages/bd/9c/4d95bb87eb2063d20db7b60faa3840c1b18025517ae857371c4dd55a6b3a/pyyaml-6.0.3-cp314-cp314-macosx_11_0_arm64.whl", hash = "sha256:34d5fcd24b8445fadc33f9cf348c1047101756fd760b4dacb5c3e99755703310", size = 173809, upload-time = "2025-09-25T21:32:36.789Z" },
    { url = "https://files.pythonhosted.org/packages/92/b5/47e807c2623074914e29dabd16cbbdd4bf5e9b2db9f8090fa64411fc5382/pyyaml-6.0.3-cp314-cp314-manylinux2014_aarch64.manylinux_2_17_aarch64.manylinux_2_28_aarch64.whl", hash = "sha256:501a031947e3a9025ed4405a168e6ef5ae3126c59f90ce0cd6f2bfc477be31b7", size = 766454, upload-time = "2025-09-25T21:32:37.966Z" },
    { url = "https://files.pythonhosted.org/packages/02/9e/e5e9b168be58564121efb3de6859c452fccde0ab093d8438905899a3a483/pyyaml-6.0.3-cp314-cp314-manylinux2014_s390x.manylinux_2_17_s390x.manylinux_2_28_s390x.whl", hash = "sha256:b3bc83488de33889877a0f2543ade9f70c67d66d9ebb4ac959502e12de895788", size = 836355, upload-time = "2025-09-25T21:32:39.178Z" },
    { url = "https://files.pythonhosted.org/packages/88/f9/16491d7ed2a919954993e48aa941b200f38040928474c9e85ea9e64222c3/pyyaml-6.0.3-cp314-cp314-manylinux2014_x86_64.manylinux_2_17_x86_64.manylinux_2_28_x86_64.whl", hash = "sha256:c458b6d084f9b935061bc36216e8a69a7e293a2f1e68bf956dcd9e6cbcd143f5", size = 794175, upload-time = "2025-09-25T21:32:40.865Z" },
    { url = "https://files.pythonhosted.org/packages/dd/3f/5989debef34dc6397317802b527dbbafb2b4760878a53d4166579111411e/pyyaml-6.0.3-cp314-cp314-musllinux_1_2_aarch64.whl", hash = "sha256:7c6610def4f163542a622a73fb39f534f8c101d690126992300bf3207eab9764", size = 755228, upload-time = "2025-09-25T21:32:42.084Z" },
    { url = "https://files.pythonhosted.org/packages/d7/ce/af88a49043cd2e265be63d083fc75b27b6ed062f5f9fd6cdc223ad62f03e/pyyaml-6.0.3-cp314-cp314-musllinux_1_2_x86_64.whl", hash = "sha256:5190d403f121660ce8d1d2c1bb2ef1bd05b5f68533fc5c2ea899bd15f4399b35", size = 789194, upload-time = "2025-09-25T21:32:43.362Z" },
    { url = "https://files.pythonhosted.org/packages/23/20/bb6982b26a40bb43951265ba29d4c246ef0ff59c9fdcdf0ed04e0687de4d/pyyaml-6.0.3-cp314-cp314-win_amd64.whl", hash = "sha256:4a2e8cebe2ff6ab7d1050ecd59c25d4c8bd7e6f400f5f82b96557ac0abafd0ac", size = 156429, upload-time = "2025-09-25T21:32:57.844Z" },
    { url = "https://files.pythonhosted.org/packages/f4/f4/a4541072bb9422c8a883ab55255f918fa378ecf083f5b85e87fc2b4eda1b/pyyaml-6.0.3-cp314-cp314-win_arm64.whl", hash = "sha256:93dda82c9c22deb0a405ea4dc5f2d0cda384168e466364dec6255b293923b2f3", size = 143912, upload-time = "2025-09-25T21:32:59.247Z" },
    { url = "https://files.pythonhosted.org/packages/7c/f9/07dd09ae774e4616edf6cda684ee78f97777bdd15847253637a6f052a62f/pyyaml-6.0.3-cp314-cp314t-macosx_10_13_x86_64.whl", hash = "sha256:02893d100e99e03eda1c8fd5c441d8c60103fd175728e23e431db1b589cf5ab3", size = 189108, upload-time = "2025-09-25T21:32:44.377Z" },
    { url = "https://files.pythonhosted.org/packages/4e/78/8d08c9fb7ce09ad8c38ad533c1191cf27f7ae1effe5bb9400a46d9437fcf/pyyaml-6.0.3-cp314-cp314t-macosx_11_0_arm64.whl", hash = "sha256:c1ff362665ae507275af2853520967820d9124984e0f7466736aea23d8611fba", size = 183641, upload-time = "2025-09-25T21:32:45.407Z" },
    { url = "https://files.pythonhosted.org/packages/7b/5b/3babb19104a46945cf816d047db2788bcaf8c94527a805610b0289a01c6b/pyyaml-6.0.3-cp314-cp314t-manylinux2014_aarch64.manylinux_2_17_aarch64.manylinux_2_28_aarch64.whl", hash = "sha256:6adc77889b628398debc7b65c073bcb99c4a0237b248cacaf3fe8a557563ef6c", size = 831901, upload-time = "2025-09-25T21:32:48.83Z" },
    { url = "https://files.pythonhosted.org/packages/8b/cc/dff0684d8dc44da4d22a13f35f073d558c268780ce3c6ba1b87055bb0b87/pyyaml-6.0.3-cp314-cp314t-manylinux2014_s390x.manylinux_2_17_s390x.manylinux_2_28_s390x.whl", hash = "sha256:a80cb027f6b349846a3bf6d73b5e95e782175e52f22108cfa17876aaeff93702", size = 861132, upload-time = "2025-09-25T21:32:50.149Z" },
    { url = "https://files.pythonhosted.org/packages/b1/5e/f77dc6b9036943e285ba76b49e118d9ea929885becb0a29ba8a7c75e29fe/pyyaml-6.0.3-cp314-cp314t-manylinux2014_x86_64.manylinux_2_17_x86_64.manylinux_2_28_x86_64.whl", hash = "sha256:00c4bdeba853cc34e7dd471f16b4114f4162dc03e6b7afcc2128711f0eca823c", size = 839261, upload-time = "2025-09-25T21:32:51.808Z" },
    { url = "https://files.pythonhosted.org/packages/ce/88/a9db1376aa2a228197c58b37302f284b5617f56a5d959fd1763fb1675ce6/pyyaml-6.0.3-cp314-cp314t-musllinux_1_2_aarch64.whl", hash = "sha256:66e1674c3ef6f541c35191caae2d429b967b99e02040f5ba928632d9a7f0f065", size = 805272, upload-time = "2025-09-25T21:32:52.941Z" },
    { url = "https://files.pythonhosted.org/packages/da/92/1446574745d74df0c92e6aa4a7b0b3130706a4142b2d1a5869f2eaa423c6/pyyaml-6.0.3-cp314-cp314t-musllinux_1_2_x86_64.whl", hash = "sha256:16249ee61e95f858e83976573de0f5b2893b3677ba71c9dd36b9cf8be9ac6d65", size = 829923, upload-time = "2025-09-25T21:32:54.537Z" },
    { url = "https://files.pythonhosted.org/packages/f0/7a/1c7270340330e575b92f397352af856a8c06f230aa3e76f86b39d01b416a/pyyaml-6.0.3-cp314-cp314t-win_amd64.whl", hash = "sha256:4ad1906908f2f5ae4e5a8ddfce73c320c2a1429ec52eafd27138b7f1cbe341c9", size = 174062, upload-time = "2025-09-25T21:32:55.767Z" },
    { url = "https://files.pythonhosted.org/packages/f1/12/de94a39c2ef588c7e6455cfbe7343d3b2dc9d6b6b2f40c4c6565744c873d/pyyaml-6.0.3-cp314-cp314t-win_arm64.whl", hash = "sha256:ebc55a14a21cb14062aa4162f906cd962b28e2e9ea38f9b4391244cd8de4ae0b", size = 149341, upload-time = "2025-09-25T21:32:56.828Z" },
]

[[package]]
name = "uv"
version = "0.12.21"
source = { registry = "https://pypi.org/simple" }
sdist = { url = "https://files.pythonhosted.org/packages/42/86/a1c3183aa0b41f24f6faecf44ef9383fcb4d1bf6c4c4446c2293ebe9b3e1/uv-0.12.21.tar.gz", hash = "sha256:ff77ff843bd3fd0920a18558882532a27079c1f465a4d1781648aff176a180cb", size = 7136775, upload-time = "2026-09-29T21:12:54.498Z" }
wheels = [
    { url = "https://files.pythonhosted.org/packages/d1/a0/ac841d6a628b7b5d5108cd797f6200f317259d2d02b6b83918d3cc183112/uv-0.12.21-py3-none-linux_armv6l.whl", hash = "sha256:d5ce9a01d7123760c8da049a5e1cfb6d341357c09baf06181f618ee4948e9242", size = 22672670, upload-time = "2026-09-29T21:11:50.829Z" },
    { url = "https://files.pythonhosted.org/packages/51/f0/8673a5aeb771f99aadd269aa069874b10b8ed43fcb3a08a88d3770c27ad9/uv-0.12.21-py3-none-macosx_10_12_x86_64.whl", hash = "sha256:9c6fab087f35c8f8c0c79ad4c8a94f6804b983369c2887250fb753a70d8080fd", size = 20942550, upload-time = "2026-09-29T21:11:55.067Z" },
    { url = "https://files.pythonhosted.org/packages/66/72/389b430ec12bd15547d4d3641622479cbf7a5c94af0ffb14fee2ed58f891/uv-0.12.21-py3-none-macosx_11_0_arm64.whl", hash = "sha256:eb4f75e8ed770e1f142e03a134b9507e7f4710c4b2cec385d4bf8c5810a91094", size = 17124497, upload-time = "2026-09-29T21:11:58.029Z" },
    { url = "https://files.pythonhosted.org/packages/0e/05/6c536d9cf7977d3c55b8835a90d1e9e58def00309bec0e2ad062157d4499/uv-0.12.21-py3-none-manylinux_2_17_aarch64.manylinux2014_aarch64.musllinux_1_1_aarch64.whl", hash = "sha256:b7db8b4913e6cd34e6aabbe08ff82fbac7c1edae57747ea23118ca460f060d44", size = 22122033, upload-time = "2026-09-29T21:12:01.92Z" },
    { url = "https://files.pythonhosted.org/packages/09/93/5662923c9dbe1d4faf11983e226c247f1f651059afb1a227d2571940a183/uv-0.12.21-py3-none-manylinux_2_17_armv7l.manylinux2014_armv7l.musllinux_1_1_armv7l.whl", hash = "sha256:7a0f0f21ce252dc1bf3b2b3634b76b2fa0e3014a6b4bc5d908af408bb83d61e3", size = 22155782, upload-time = "2026-09-29T21:12:05.234Z" },
    { url = "https://files.pythonhosted.org/packages/fd/61/370eb13eb6a4578abd4f27d0013647aaee137c6a21e7bdf54ce1e610a138/uv-0.12.21-py3-none-manylinux_2_17_armv7l.manylinux2014_armv7l.whl", hash = "sha256:14f21c497a85bb19b3158f36a966d8619246548651d82a72fca599fdab0752d0", size = 22211042, upload-time = "2026-09-29T21:12:08.684Z" },
    { url = "https://files.pythonhosted.org/packages/40/8e/b69ff0ca272c049a12926a3cc61b520e7e0441039341087b8f4f737e015e/uv-0.12.21-py3-none-manylinux_2_17_i686.manylinux2014_i686.whl", hash = "sha256:618f422e4544049c589f1e61110293da1f26949fbb266a4c2f22a03880d441a9", size = 22888639, upload-time = "2026-09-29T21:12:12.228Z" },
    { url = "https://files.pythonhosted.org/packages/fc/f9/5bbca3d1916562669311ffd2e203637291a972bfc92e0dee5cfc0df2856b/uv-0.12.21-py3-none-manylinux_2_17_ppc64le.manylinux2014_ppc64le.whl", hash = "sha256:5a90f4bb6da0880b7fbe770d9d598d6cf0a6672da28c921ce397383b1134e37a", size = 24232948, upload-time = "2026-09-29T21:12:15.82Z" },
    { url = "https://files.pythonhosted.org/packages/e7/2b/4b9fb1c2bd3358298fa8342fbb90feeaf88a7a102debfc559f4d9054fad1/uv-0.12.21-py3-none-manylinux_2_17_s390x.manylinux2014_s390x.whl", hash = "sha256:d6988f1025a776cf75d9ad2eb2b9bd26cde38cc1a86dab0787433d7185306bba", size = 23916436, upload-time = "2026-09-29T21:12:20.06Z" },
    { url = "https://files.pythonhosted.org/packages/c6/2b/8700206efe193fc279fe32c11ab9a502c8364e7882e3f6f36a00a6cc8af7/uv-0.12.21-py3-none-manylinux_2_17_x86_64.manylinux2014_x86_64.whl", hash = "sha256:0083454d25479f1cd03547c8c98c235b4af92bd07f0e61c3eae5d1cbb0c1834c", size = 20438857, upload-time = "2026-09-29T21:12:23.715Z" },
    { url = "https://files.pythonhosted.org/packages/c2/5a/09c78f5864c33958cd6d2682f71cd03d44265669a5c3cd426abecc369000/uv-0.12.21-py3-none-manylinux_2_28_aarch64.whl", hash = "sha256:fcd28fd87972f677f0e12d577842deb5d445adf36bcd4cd1ebaaec4c67788d7f", size = 19809618, upload-time = "2026-09-29T21:12:27.293Z" },
    { url = "https://files.pythonhosted.org/packages/3f/66/4b9cbfb6d6e8acc9617681fb4c540c531d420637aee6e49810fc758e4e89/uv-0.12.21-py3-none-manylinux_2_31_riscv64.musllinux_1_1_riscv64.whl", hash = "sha256:8e1e2c602e9402b1d739c7278a5008b15a42349b26732c1f919f0d7cc751dda1", size = 23004634, upload-time = "2026-09-29T21:12:30.906Z" },
    { url = "https://files.pythonhosted.org/packages/d9/78/084b6fe10aa8041da99f40b7e41d71224a69934ad87132b2f123cac915bf/uv-0.12.21-py3-none-manylinux_2_31_riscv64.whl", hash = "sha256:6bda0425c9e9dab543d43afd329ed0983d31ff687a49ca76508d708b4f35e1ef", size = 23126185, upload-time = "2026-09-29T21:12:34.457Z" },
    { url = "https://files.pythonhosted.org/packages/66/ff/089aec72d4eabad95bc2613994b527be3a6048138d41a5272486888a596a/uv-0.12.21-py3-none-musllinux_1_1_i686.whl", hash = "sha256:8c321dc01220ce5c8dcc938b145762945ecccfb26068aad8163d18a544cc03e4", size = 22033476, upload-time = "2026-09-29T21:12:37.965Z" },
    { url = "https://files.pythonhosted.org/packages/e9/1b/d359f667826d67bf1acd2a80ce4e2fe0bb661e796c296a8b7ff6c386db9f/uv-0.12.21-py3-none-musllinux_1_1_x86_64.whl", hash = "sha256:26aaa1dce3ae90502b2d7aa15577587aa185e5ba13480afd03df6c95dc2bb55b", size = 23403470, upload-time = "2026-09-29T21:12:41.815Z" },
    { url = "https://files.pythonhosted.org/packages/2c/c9/d80c0baa16ccb4bcf03b97032bf4f9a8bec5e4f8e4770800563892fc9fa2/uv-0.12.21-py3-none-win32.whl", hash = "sha256:448df56d46151b69c7ae210f24827eddea74c2dba2e37cc069db4385d3e458f6", size = 20054450, upload-time = "2026-09-29T21:12:45.335Z" },
    { url = "https://files.pythonhosted.org/packages/2a/06/bda383b338dd21bcd74c9b4ba47301315573fdb5aba46fe40835f8299482/uv-0.12.21-py3-none-win_amd64.whl", hash = "sha256:8c7c3eb32d84c711906dedd09df7379cf4d9f5bb84b8e58a1244ca0a8a1209d4", size = 18087242, upload-time = "2026-09-29T21:12:48.587Z" },
    { url = "https://files.pythonhosted.org/packages/2c/76/1b6478ff9dcc3b58b2025828e00f06bac4915b7442c8254d5b6265707561/uv-0.12.21-py3-none-win_arm64.whl", hash = "sha256:79dc0c11e7f169f1b32cf6838b6a0d651ba054cc8013e0b2e5fe34392c1d1528", size = 19369672, upload-time = "2026-09-29T21:12:52.037Z" },
]

[[package]]
name = "yamllint"
version = "1.38.0"
source = { registry = "https://pypi.org/simple" }
dependencies = [
    { name = "pathspec" },
    { name = "pyyaml" },
]
sdist = { url = "https://files.pythonhosted.org/packages/28/a0/8fc2d68e132cf918f18273fdc8a1b8432b60d75ac12fdae4b0ef5c9d2e8d/yamllint-1.38.0.tar.gz", hash = "sha256:09e5f29531daab93366bb061e76019d5e91691ef0a40328f04c927387d1d364d", size = 142446, upload-time = "2026-01-13T07:47:53.276Z" }
wheels = [
    { url = "https://files.pythonhosted.org/packages/05/92/aed08e68de6e6a3d7c2328ce7388072cd6affc26e2917197430b646aed02/yamllint-1.38.0-py3-none-any.whl", hash = "sha256:fc394a5b3be980a4062607b8fdddc0843f4fa394152b6da21722f5d59013c220", size = 68940, upload-time = "2026-01-13T07:47:51.343Z" },
]
