version = 1
revision = 3
requires-python = ">=3.14"

[options]
exclude-newer = "0001-01-01T00:00:00Z" # This has no effect and is included for backwards compatibility when using relative exclude-newer values.
exclude-newer-span = "P3D"

[[package]]
name = "base-repo"
version = "0.1.0"
source = { virtual = "." }

[package.dev-dependencies]
ci = [
    { name = "uv" },
]
dev = [
    { name = "yamllint" },
]

[package.metadata]

[package.metadata.requires-dev]
ci = [{ name = "uv", specifier = ">=0.12.11" }]
dev = [{ name = "yamllint", specifier = ">=1.38.0" }]

[[package]]
name = "pathspec"
version = "1.1.1"
source = { registry = "https://pypi.org/simple" }
sdist = { url = "https://files.pythonhosted.org/packages/5a/82/42f767fc1c1143d6fd36efb827202a2d997a375e160a71eb2888a925aac1/pathspec-1.1.1.tar.gz", hash = "sha256:17db5ecd524104a120e173814c90367a96a98d07c45b2e10c2f3919fff91bf5a", size = 135180, upload-time = "2026-04-27T01:46:08.907Z" }
wheels = [
    { url = "https://files.pythonhosted.org/packages/f1/d9/7fb5aa316bc299258e68c73ba3bddbc499654a07f151cba08f6153988714/pathspec-1.1.1-py3-none-any.whl", hash = "sha256:a00ce642f577bf7f473932318056212bc4f8bfdf53128c78bbd5af0b9b20b189", size = 57328, upload-time = "2026-04-27T01:46:07.06Z" },
]

[[package]]
name = "pyyaml"
version = "6.0.3"
source = { registry = "https://pypi.org/simple" }
sdist = { url = "https://files.pythonhosted.org/packages/05/8e/961c0007c59b8dd7729d542c61a4d537767a59645b82a0b521206e1e25c2/pyyaml-6.0.3.tar.gz", hash = "sha256:d76623373421df22fb4cf8817020cbb7ef15c725b9d5e45f17e189bfc384190f", size = 130960, upload-time = "2025-09-25T21:33:16.546Z" }
wheels = [
    { url = "https://files.pythonhosted.org/packages/9d/8c/f4bd7f6465179953d3ac9bc44ac1a8a3e6122cf8ada906b4f96c60172d43/pyyaml-6.0.3-cp314-cp314-macosx_10_13_x86_64.whl", hash = "sha256:8d1fab6bb153a416f9aeb4b8763bc0f22a5586065f86f7664fc23339fc1c1fac", size = 181814, upload-time = "2025-09-25T21:32:35.712Z" },
    { url = "https://files.pythonhosted.org/packages/bd/9c/4d95bb87eb2063d20db7b60faa3840c1b18025517ae857371c4dd55a6b3a/pyyaml-6.0.3-cp314-cp314-macosx_11_0_arm64.whl", hash = "sha256:34d5fcd24b8445fadc33f9cf348c1047101756fd760b4dacb5c3e99755703310", size = 173809, upload-time = "2025-09-25T21:32:36.789Z" },
    { url = "https://files.pythonhosted.org/packages/92/b5/47e807c2623074914e29dabd16cbbdd4bf5e9b2db9f8090fa64411fc5382/pyyaml-6.0.3-cp314-cp314-manylinux2014_aarch64.manylinux_2_17_aarch64.manylinux_2_28_aarch64.whl", hash = "sha256:501a031947e3a9025ed4405a168e6ef5ae3126c59f90ce0cd6f2bfc477be31b7", size = 766454, upload-time = "2025-09-25T21:32:37.966Z" },
    { url = "https://files.pythonhosted.org/packages/02/9e/e5e9b168be58564121efb3de6859c452fccde0ab093d8438905899a3a483/pyyaml-6.0.3-cp314-cp314-manylinux2014_s390x.manylinux_2_17_s390x.manylinux_2_28_s390x.whl", hash = "sha256:b3bc83488de33889877a0f2543ade9f70c67d66d9ebb4ac959502e12de895788", size = 836355, upload-time = "2025-09-25T21:32:39.178Z" },
    { url = "https://files.pythonhosted.org/packages/88/f9/16491d7ed2a919954993e48aa941b200f38040928474c9e85ea9e64222c3/pyyaml-6.0.3-cp314-cp314-manylinux2014_x86_64.manylinux_2_17_x86_64.manylinux_2_28_x86_64.whl", hash = "sha256:c458b6d084f9b935061bc36216e8a69a7e293a2f1e68bf956dcd9e6cbcd143f5", size = 794175, upload-time = "2025-09-25T21:32:40.865Z" },
    { url = "https://files.pythonhosted.org/packages/dd/3f/5989debef34dc6397317802b527dbbafb2b4760878a53d4166579111411e/pyyaml-6.0.3-cp314-cp314-musllinux_1_2_aarch64.whl", hash = "sha256:7c6610def4f163542a622a73fb39f534f8c101d690126992300bf3207eab9764", size = 755228, upload-time = "2025-09-25T21:32:42.084Z" },
    { url = "https://files.pythonhosted.org/packages/d7/ce/af88a49043cd2e265be63d083fc75b27b6ed062f5f9fd6cdc223ad62f03e/pyyaml-6.0.3-cp314-cp314-musllinux_1_2_x86_64.whl", hash = "sha256:5190d403f121660ce8d1d2c1bb2ef1bd05b5f68533fc5c2ea899bd15f4399b35", size = 789194, upload-time = "2025-09-25T21:32:43.362Z" },
    { url = "https://files.pythonhosted.org/packages/23/20/bb6982b26a40bb43951265ba29d4c246ef0ff59c9fdcdf0ed04e0687de4d/pyyaml-6.0.3-cp314-cp314-win_amd64.whl", hash = "sha256:4a2e8cebe2ff6ab7d1050ecd59c25d4c8bd7e6f400f5f82b96557ac0abafd0ac", size = 156429, upload-time = "2025-09-25T21:32:57.844Z" },
    { url = "https://files.pythonhosted.org/packages/f4/f4/a4541072bb9422c8a883ab55255f918fa378ecf083f5b85e87fc2b4eda1b/pyyaml-6.0.3-cp314-cp314-win_arm64.whl", hash = "sha256:93dda82c9c22deb0a405ea4dc5f2d0cda384168e466364dec6255b293923b2f3", size = 143912, upload-time = "2025-09-25T21:32:59.247Z" },
    { url = "https://files.pythonhosted.org/packages/7c/f9/07dd09ae774e4616edf6cda684ee78f97777bdd15847253637a6f052a62f/pyyaml-6.0.3-cp314-cp314t-macosx_10_13_x86_64.whl", hash = "sha256:02893d100e99e03eda1c8fd5c441d8c60103fd175728e23e431db1b589cf5ab3", size = 189108, upload-time = "2025-09-25T21:32:44.377Z" },
    { url = "https://files.pythonhosted.org/packages/4e/78/8d08c9fb7ce09ad8c38ad533c1191cf27f7ae1effe5bb9400a46d9437fcf/pyyaml-6.0.3-cp314-cp314t-macosx_11_0_arm64.whl", hash = "sha256:c1ff362665ae507275af2853520967820d9124984e0f7466736aea23d8611fba", size = 183641, upload-time = "2025-09-25T21:32:45.407Z" },
    { url = "https://files.pythonhosted.org/packages/7b/5b/3babb19104a46945cf816d047db2788bcaf8c94527a805610b0289a01c6b/pyyaml-6.0.3-cp314-cp314t-manylinux2014_aarch64.manylinux_2_17_aarch64.manylinux_2_28_aarch64.whl", hash = "sha256:6adc77889b628398debc7b65c073bcb99c4a0237b248cacaf3fe8a557563ef6c", size = 831901, upload-time = "2025-09-25T21:32:48.83Z" },
    { url = "https://files.pythonhosted.org/packages/8b/cc/dff0684d8dc44da4d22a13f35f073d558c268780ce3c6ba1b87055bb0b87/pyyaml-6.0.3-cp314-cp314t-manylinux2014_s390x.manylinux_2_17_s390x.manylinux_2_28_s390x.whl", hash = "sha256:a80cb027f6b349846a3bf6d73b5e95e782175e52f22108cfa17876aaeff93702", size = 861132, upload-time = "2025-09-25T21:32:50.149Z" },
    { url = "https://files.pythonhosted.org/packages/b1/5e/f77dc6b9036943e285ba76b49e118d9ea929885becb0a29ba8a7c75e29fe/pyyaml-6.0.3-cp314-cp314t-manylinux2014_x86_64.manylinux_2_17_x86_64.manylinux_2_28_x86_64.whl", hash = "sha256:00c4bdeba853cc34e7dd471f16b4114f4162dc03e6b7afcc2128711f0eca823c", size = 839261, upload-time = "2025-09-25T21:32:51.808Z" },
    { url = "https://files.pythonhosted.org/packages/ce/88/a9db1376aa2a228197c58b37302f284b5617f56a5d959fd1763fb1675ce6/pyyaml-6.0.3-cp314-cp314t-musllinux_1_2_aarch64.whl", hash = "sha256:66e1674c3ef6f541c35191caae2d429b967b99e02040f5ba928632d9a7f0f065", size = 805272, upload-time = "2025-09-25T21:32:52.941Z" },
    { url = "https://files.pythonhosted.org/packages/da/92/1446574745d74df0c92e6aa4a7b0b3130706a4142b2d1a5869f2eaa423c6/pyyaml-6.0.3-cp314-cp314t-musllinux_1_2_x86_64.whl", hash = "sha256:16249ee61e95f858e83976573de0f5b2893b3677ba71c9dd36b9cf8be9ac6d65", size = 829923, upload-time = "2025-09-25T21:32:54.537Z" },
    { url = "https://files.pythonhosted.org/packages/f0/7a/1c7270340330e575b92f397352af856a8c06f230aa3e76f86b39d01b416a/pyyaml-6.0.3-cp314-cp314t-win_amd64.whl", hash = "sha256:4ad1906908f2f5ae4e5a8ddfce73c320c2a1429ec52eafd27138b7f1cbe341c9", size = 174062, upload-time = "2025-09-25T21:32:55.767Z" },
    { url = "https://files.pythonhosted.org/packages/f1/12/de94a39c2ef588c7e6455cfbe7343d3b2dc9d6b6b2f40c4c6565744c873d/pyyaml-6.0.3-cp314-cp314t-win_arm64.whl", hash = "sha256:ebc55a14a21cb14062aa4162f906cd962b28e2e9ea38f9b4391244cd8de4ae0b", size = 149341, upload-time = "2025-09-25T21:32:56.828Z" },
]

[[package]]
name = "uv"
version = "0.12.11"
source = { registry = "https://pypi.org/simple" }
sdist = { url = "https://files.pythonhosted.org/packages/1b/ce/ea2bd39b4edd46e1651b3fbcafcdebc3c15a9c9902cce37f676a40fac551/uv-0.12.11.tar.gz", hash = "sha256:c051e0000a3379ea38c4652202cdce91722f026d25f57a9e564ce0d561532c8f", size = 7160227, upload-time = "2026-09-08T20:44:50.946Z" }
wheels = [
    { url = "https://files.pythonhosted.org/packages/d6/45/261461f48e6c80390c9266dfa443573c18e785ddf92fb2030aa0caeed7b0/uv-0.12.11-py3-none-linux_armv6l.whl", hash = "sha256:038c5080948e4e16285448b806bebaea8d22d1bed9c2239188e3ee334ac0e45d", size = 22180179, upload-time = "2026-09-08T20:44:05.565Z" },
    { url = "https://files.pythonhosted.org/packages/e6/02/2739ce71f3166e612e8605b76248970713cc5db06d3542d204da4791c837/uv-0.12.11-py3-none-macosx_10_12_x86_64.whl", hash = "sha256:103900d5310e0d6979568b695c4782fb4cb0721db7bec70ddce70596acbf85fd", size = 20525241, upload-time = "2026-09-08T20:44:08.677Z" },
    { url = "https://files.pythonhosted.org/packages/b5/ce/9c86e7448fdbc63633cc54de748db0f2cdd022ecaad8a365f0f8e611670c/uv-0.12.11-py3-none-macosx_11_0_arm64.whl", hash = "sha256:4d3337366d55b0fa44f559dad77039ba78699f3d964e597aedd7afa79da0630d", size = 17341304, upload-time = "2026-09-08T20:44:10.885Z" },
    { url = "https://files.pythonhosted.org/packages/e1/f6/1243f9c2278eb486fef7261b9275d186203dd602a13208b046e8226f3ae6/uv-0.12.11-py3-none-manylinux_2_17_aarch64.manylinux2014_aarch64.musllinux_1_1_aarch64.whl", hash = "sha256:c6ff21a984039f3e5c78a432c9c5ecf28dd6282db6d46336d077188e0eed53e3", size = 21675577, upload-time = "2026-09-08T20:44:13.112Z" },
    { url = "https://files.pythonhosted.org/packages/01/80/4e4017b24ff1fa1f1b888b78b98c465edf8e4a9c6c1e0f928efc5cc9c43c/uv-0.12.11-py3-none-manylinux_2_17_armv7l.manylinux2014_armv7l.musllinux_1_1_armv7l.whl", hash = "sha256:187229b5723bb773a057610ad37392b7325e9342d4f7a7585cda5c492501be86", size = 21659633, upload-time = "2026-09-08T20:44:15.418Z" },
    { url = "https://files.pythonhosted.org/packages/6b/2d/106b2b91f233d9b8483fc05b8758ced9ebe00e192f7314685672ac4f5d78/uv-0.12.11-py3-none-manylinux_2_17_armv7l.manylinux2014_armv7l.whl", hash = "sha256:93320d225a48b8a98e6ab4ad56c00626e9bd26ff7f7f773fe4cf3058876e46bb", size = 21720127, upload-time = "2026-09-08T20:44:17.617Z" },
    { url = "https://files.pythonhosted.org/packages/8f/86/1eb1a7aa711d12cc3ee4ec79c303687fdaa9530c88bb2a6a19869c920c81/uv-0.12.11-py3-none-manylinux_2_17_i686.manylinux2014_i686.whl", hash = "sha256:54b62b4ea2274d2a95992d9ee2d39c13794c8098cfdcd835743bc827f9a6d9a5", size = 22408562, upload-time = "2026-09-08T20:44:19.9Z" },
    { url = "https://files.pythonhosted.org/packages/cc/4d/fbbcb324d7171a59a5bd2138c572f1fe12abebae1a571d10113334678c99/uv-0.12.11-py3-none-manylinux_2_17_ppc64le.manylinux2014_ppc64le.whl", hash = "sha256:c0f399a8ec2146dc47df217f5fe86f1068bf62387a7430921de71c441efc5d9e", size = 23707401, upload-time = "2026-09-08T20:44:22.217Z" },
    { url = "https://files.pythonhosted.org/packages/52/d9/80d996b5c2875fb102eb7a2d03939e512cba210b386f18aa11ae5a14a424/uv-0.12.11-py3-none-manylinux_2_17_s390x.manylinux2014_s390x.whl", hash = "sha256:799923e6f12bf02079fb2ce3fd65201be78d6ec618ffc080f24655491d875fe9", size = 23356626, upload-time = "2026-09-08T20:44:24.533Z" },
    { url = "https://files.pythonhosted.org/packages/05/20/0e9f74079ba34f12c5d5d01289dc8f8da94c11f855020bdfd7c5ddb412e1/uv-0.12.11-py3-none-manylinux_2_17_x86_64.manylinux2014_x86_64.whl", hash = "sha256:2c0d529c347eccaebaeec1be0e2a7a0a7d814128595b2549649060d2f75d0df6", size = 20060640, upload-time = "2026-09-08T20:44:27.116Z" },
    { url = "https://files.pythonhosted.org/packages/d5/ae/13c04d5705ca0c30d0f6ca3a7ec3c359c1cb709b73841ceb5509cc451489/uv-0.12.11-py3-none-manylinux_2_28_aarch64.whl", hash = "sha256:8aa7ce99b5e853c12c62c3e0a1e286a447bed81f0a7c28b3882354a17bf056bb", size = 19443711, upload-time = "2026-09-08T20:44:29.343Z" },
    { url = "https://files.pythonhosted.org/packages/fb/c0/900eb64dfc548809af5e178920672393e94fd567478cafd055d2c3538e3c/uv-0.12.11-py3-none-manylinux_2_31_riscv64.musllinux_1_1_riscv64.whl", hash = "sha256:7d480eb64697dbe8c1a32fdce69824a2eca42c3a66b6066912948d82fed54c2d", size = 22468253, upload-time = "2026-09-08T20:44:33.19Z" },
    { url = "https://files.pythonhosted.org/packages/65/e6/d419515753809ba322cf521caa4320ff1524c9b8dca720b7ffbcd47ee740/uv-0.12.11-py3-none-manylinux_2_31_riscv64.whl", hash = "sha256:fc44bf138117b241e1a38dbddc9c28822ecb95a0f3c94d77cee896965d2f6345", size = 22582463, upload-time = "2026-09-08T20:44:36.134Z" },
    { url = "https://files.pythonhosted.org/packages/53/d4/d153ddf5ee6f5abe457e92e227a3c33c38a50e55730eeaf2d111aa57549c/uv-0.12.11-py3-none-musllinux_1_1_i686.whl", hash = "sha256:2726ca41c365b40e511ac9ac2496d3d30da76f88ce6a3877fd8f9bdd038907a4", size = 21567226, upload-time = "2026-09-08T20:44:38.447Z" },
    { url = "https://files.pythonhosted.org/packages/3c/c8/a2bdfd6b3cb64293de35b73c9a90653361bca617245421bd7dfd10f39c7f/uv-0.12.11-py3-none-musllinux_1_1_x86_64.whl", hash = "sha256:b19f9ffa46d9726e495fc636d19bad99f497d438bc07be858aef0dc37a150abe", size = 23002955, upload-time = "2026-09-08T20:44:40.772Z" },
    { url = "https://files.pythonhosted.org/packages/74/42/cf3ce6549050b74aaa8288c2358c824a39fd34f9904338bddba78226e973/uv-0.12.11-py3-none-win32.whl", hash = "sha256:427c29a2a4bf28ed7bf529296e4224f8252b8ca52175241ba4c6f29b7b3a035e", size = 19796441, upload-time = "2026-09-08T20:44:43.66Z" },
    { url = "https://files.pythonhosted.org/packages/c4/99/55672db900c519acd10637fcfffbe46c058163e52d5829f988dafb32e144/uv-0.12.11-py3-none-win_amd64.whl", hash = "sha256:498820071e52b52e7548004459f08180a78c1946c273b9ac6a892ab9f2c4d7d1", size = 18091914, upload-time = "2026-09-08T20:44:45.919Z" },
    { url = "https://files.pythonhosted.org/packages/e3/4f/2d1cbe185bc6688e71d51250b4dc31c4ec18ce6953a555631c8b123c25cd/uv-0.12.11-py3-none-win_arm64.whl", hash = "sha256:7651a6288761b202feddd40545aab4b2cfe7af7a07992f85e7d07616cc95ae83", size = 19491755, upload-time = "2026-09-08T20:44:48.695Z" },
]

[[package]]
name = "yamllint"
version = "1.38.0"
source = { registry = "https://pypi.org/simple" }
dependencies = [
    { name = "pathspec" },
    { name = "pyyaml" },
]
sdist = { url = "https://files.pythonhosted.org/packages/28/a0/8fc2d68e132cf918f18273fdc8a1b8432b60d75ac12fdae4b0ef5c9d2e8d/yamllint-1.38.0.tar.gz", hash = "sha256:09e5f29531daab93366bb061e76019d5e91691ef0a40328f04c927387d1d364d", size = 142446, upload-time = "2026-01-13T07:47:53.276Z" }
wheels = [
    { url = "https://files.pythonhosted.org/packages/05/92/aed08e68de6e6a3d7c2328ce7388072cd6affc26e2917197430b646aed02/yamllint-1.38.0-py3-none-any.whl", hash = "sha256:fc394a5b3be980a4062607b8fdddc0843f4fa394152b6da21722f5d59013c220", size = 68940, upload-time = "2026-01-13T07:47:51.343Z" },
]
