version = 1
revision = 3
requires-python = ">=3.14"

[options]
exclude-newer = "0001-01-01T00:00:00Z" # This has no effect and is included for backwards compatibility when using relative exclude-newer values.
exclude-newer-span = "P3D"

[[package]]
name = "base-repo"
version = "0.1.0"
source = { virtual = "." }

[package.dev-dependencies]
ci = [
    { name = "uv" },
]
dev = [
    { name = "yamllint" },
]

[package.metadata]

[package.metadata.requires-dev]
ci = [{ name = "uv", specifier = ">=0.12.6" }]
dev = [{ name = "yamllint", specifier = ">=1.38.0" }]

[[package]]
name = "pathspec"
version = "1.1.1"
source = { registry = "https://pypi.org/simple" }
sdist = { url = "https://files.pythonhosted.org/packages/5a/82/42f767fc1c1143d6fd36efb827202a2d997a375e160a71eb2888a925aac1/pathspec-1.1.1.tar.gz", hash = "sha256:17db5ecd524104a120e173814c90367a96a98d07c45b2e10c2f3919fff91bf5a", size = 135180, upload-time = "2026-04-27T01:46:08.907Z" }
wheels = [
    { url = "https://files.pythonhosted.org/packages/f1/d9/7fb5aa316bc299258e68c73ba3bddbc499654a07f151cba08f6153988714/pathspec-1.1.1-py3-none-any.whl", hash = "sha256:a00ce642f577bf7f473932318056212bc4f8bfdf53128c78bbd5af0b9b20b189", size = 57328, upload-time = "2026-04-27T01:46:07.06Z" },
]

[[package]]
name = "pyyaml"
version = "6.0.3"
source = { registry = "https://pypi.org/simple" }
sdist = { url = "https://files.pythonhosted.org/packages/05/8e/961c0007c59b8dd7729d542c61a4d537767a59645b82a0b521206e1e25c2/pyyaml-6.0.3.tar.gz", hash = "sha256:d76623373421df22fb4cf8817020cbb7ef15c725b9d5e45f17e189bfc384190f", size = 130960, upload-time = "2025-09-25T21:33:16.546Z" }
wheels = [
    { url = "https://files.pythonhosted.org/packages/9d/8c/f4bd7f6465179953d3ac9bc44ac1a8a3e6122cf8ada906b4f96c60172d43/pyyaml-6.0.3-cp314-cp314-macosx_10_13_x86_64.whl", hash = "sha256:8d1fab6bb153a416f9aeb4b8763bc0f22a5586065f86f7664fc23339fc1c1fac", size = 181814, upload-time = "2025-09-25T21:32:35.712Z" },
    { url = "https://files.pythonhosted.org/packages/bd/9c/4d95bb87eb2063d20db7b60faa3840c1b18025517ae857371c4dd55a6b3a/pyyaml-6.0.3-cp314-cp314-macosx_11_0_arm64.whl", hash = "sha256:34d5fcd24b8445fadc33f9cf348c1047101756fd760b4dacb5c3e99755703310", size = 173809, upload-time = "2025-09-25T21:32:36.789Z" },
    { url = "https://files.pythonhosted.org/packages/92/b5/47e807c2623074914e29dabd16cbbdd4bf5e9b2db9f8090fa64411fc5382/pyyaml-6.0.3-cp314-cp314-manylinux2014_aarch64.manylinux_2_17_aarch64.manylinux_2_28_aarch64.whl", hash = "sha256:501a031947e3a9025ed4405a168e6ef5ae3126c59f90ce0cd6f2bfc477be31b7", size = 766454, upload-time = "2025-09-25T21:32:37.966Z" },
    { url = "https://files.pythonhosted.org/packages/02/9e/e5e9b168be58564121efb3de6859c452fccde0ab093d8438905899a3a483/pyyaml-6.0.3-cp314-cp314-manylinux2014_s390x.manylinux_2_17_s390x.manylinux_2_28_s390x.whl", hash = "sha256:b3bc83488de33889877a0f2543ade9f70c67d66d9ebb4ac959502e12de895788", size = 836355, upload-time = "2025-09-25T21:32:39.178Z" },
    { url = "https://files.pythonhosted.org/packages/88/f9/16491d7ed2a919954993e48aa941b200f38040928474c9e85ea9e64222c3/pyyaml-6.0.3-cp314-cp314-manylinux2014_x86_64.manylinux_2_17_x86_64.manylinux_2_28_x86_64.whl", hash = "sha256:c458b6d084f9b935061bc36216e8a69a7e293a2f1e68bf956dcd9e6cbcd143f5", size = 794175, upload-time = "2025-09-25T21:32:40.865Z" },
    { url = "https://files.pythonhosted.org/packages/dd/3f/5989debef34dc6397317802b527dbbafb2b4760878a53d4166579111411e/pyyaml-6.0.3-cp314-cp314-musllinux_1_2_aarch64.whl", hash = "sha256:7c6610def4f163542a622a73fb39f534f8c101d690126992300bf3207eab9764", size = 755228, upload-time = "2025-09-25T21:32:42.084Z" },
    { url = "https://files.pythonhosted.org/packages/d7/ce/af88a49043cd2e265be63d083fc75b27b6ed062f5f9fd6cdc223ad62f03e/pyyaml-6.0.3-cp314-cp314-musllinux_1_2_x86_64.whl", hash = "sha256:5190d403f121660ce8d1d2c1bb2ef1bd05b5f68533fc5c2ea899bd15f4399b35", size = 789194, upload-time = "2025-09-25T21:32:43.362Z" },
    { url = "https://files.pythonhosted.org/packages/23/20/bb6982b26a40bb43951265ba29d4c246ef0ff59c9fdcdf0ed04e0687de4d/pyyaml-6.0.3-cp314-cp314-win_amd64.whl", hash = "sha256:4a2e8cebe2ff6ab7d1050ecd59c25d4c8bd7e6f400f5f82b96557ac0abafd0ac", size = 156429, upload-time = "2025-09-25T21:32:57.844Z" },
    { url = "https://files.pythonhosted.org/packages/f4/f4/a4541072bb9422c8a883ab55255f918fa378ecf083f5b85e87fc2b4eda1b/pyyaml-6.0.3-cp314-cp314-win_arm64.whl", hash = "sha256:93dda82c9c22deb0a405ea4dc5f2d0cda384168e466364dec6255b293923b2f3", size = 143912, upload-time = "2025-09-25T21:32:59.247Z" },
    { url = "https://files.pythonhosted.org/packages/7c/f9/07dd09ae774e4616edf6cda684ee78f97777bdd15847253637a6f052a62f/pyyaml-6.0.3-cp314-cp314t-macosx_10_13_x86_64.whl", hash = "sha256:02893d100e99e03eda1c8fd5c441d8c60103fd175728e23e431db1b589cf5ab3", size = 189108, upload-time = "2025-09-25T21:32:44.377Z" },
    { url = "https://files.pythonhosted.org/packages/4e/78/8d08c9fb7ce09ad8c38ad533c1191cf27f7ae1effe5bb9400a46d9437fcf/pyyaml-6.0.3-cp314-cp314t-macosx_11_0_arm64.whl", hash = "sha256:c1ff362665ae507275af2853520967820d9124984e0f7466736aea23d8611fba", size = 183641, upload-time = "2025-09-25T21:32:45.407Z" },
    { url = "https://files.pythonhosted.org/packages/7b/5b/3babb19104a46945cf816d047db2788bcaf8c94527a805610b0289a01c6b/pyyaml-6.0.3-cp314-cp314t-manylinux2014_aarch64.manylinux_2_17_aarch64.manylinux_2_28_aarch64.whl", hash = "sha256:6adc77889b628398debc7b65c073bcb99c4a0237b248cacaf3fe8a557563ef6c", size = 831901, upload-time = "2025-09-25T21:32:48.83Z" },
    { url = "https://files.pythonhosted.org/packages/8b/cc/dff0684d8dc44da4d22a13f35f073d558c268780ce3c6ba1b87055bb0b87/pyyaml-6.0.3-cp314-cp314t-manylinux2014_s390x.manylinux_2_17_s390x.manylinux_2_28_s390x.whl", hash = "sha256:a80cb027f6b349846a3bf6d73b5e95e782175e52f22108cfa17876aaeff93702", size = 861132, upload-time = "2025-09-25T21:32:50.149Z" },
    { url = "https://files.pythonhosted.org/packages/b1/5e/f77dc6b9036943e285ba76b49e118d9ea929885becb0a29ba8a7c75e29fe/pyyaml-6.0.3-cp314-cp314t-manylinux2014_x86_64.manylinux_2_17_x86_64.manylinux_2_28_x86_64.whl", hash = "sha256:00c4bdeba853cc34e7dd471f16b4114f4162dc03e6b7afcc2128711f0eca823c", size = 839261, upload-time = "2025-09-25T21:32:51.808Z" },
    { url = "https://files.pythonhosted.org/packages/ce/88/a9db1376aa2a228197c58b37302f284b5617f56a5d959fd1763fb1675ce6/pyyaml-6.0.3-cp314-cp314t-musllinux_1_2_aarch64.whl", hash = "sha256:66e1674c3ef6f541c35191caae2d429b967b99e02040f5ba928632d9a7f0f065", size = 805272, upload-time = "2025-09-25T21:32:52.941Z" },
    { url = "https://files.pythonhosted.org/packages/da/92/1446574745d74df0c92e6aa4a7b0b3130706a4142b2d1a5869f2eaa423c6/pyyaml-6.0.3-cp314-cp314t-musllinux_1_2_x86_64.whl", hash = "sha256:16249ee61e95f858e83976573de0f5b2893b3677ba71c9dd36b9cf8be9ac6d65", size = 829923, upload-time = "2025-09-25T21:32:54.537Z" },
    { url = "https://files.pythonhosted.org/packages/f0/7a/1c7270340330e575b92f397352af856a8c06f230aa3e76f86b39d01b416a/pyyaml-6.0.3-cp314-cp314t-win_amd64.whl", hash = "sha256:4ad1906908f2f5ae4e5a8ddfce73c320c2a1429ec52eafd27138b7f1cbe341c9", size = 174062, upload-time = "2025-09-25T21:32:55.767Z" },
    { url = "https://files.pythonhosted.org/packages/f1/12/de94a39c2ef588c7e6455cfbe7343d3b2dc9d6b6b2f40c4c6565744c873d/pyyaml-6.0.3-cp314-cp314t-win_arm64.whl", hash = "sha256:ebc55a14a21cb14062aa4162f906cd962b28e2e9ea38f9b4391244cd8de4ae0b", size = 149341, upload-time = "2025-09-25T21:32:56.828Z" },
]

[[package]]
name = "uv"
version = "0.12.6"
source = { registry = "https://pypi.org/simple" }
sdist = { url = "https://files.pythonhosted.org/packages/9b/26/c2cc420ebadf9a3d3170b6949d21071e2a50761e24b7d352ed2cf9d86de5/uv-0.12.6.tar.gz", hash = "sha256:7c687a6c88b4606b08cd27de29557ee0bf2fff6d2d946e9f1954e8c01745e0b1", size = 7117263, upload-time = "2026-08-25T19:40:02.286Z" }
wheels = [
    { url = "https://files.pythonhosted.org/packages/51/94/5326c129967cee589cae13e5aea1a2be0d34b3590ec52cb3fb8693f9ca75/uv-0.12.6-py3-none-linux_armv6l.whl", hash = "sha256:348c35bfe137c539ff8c785e2c98bfb3ad7a2077699abf0b38b3b729386edce7", size = 23081229, upload-time = "2026-08-25T19:38:55.356Z" },
    { url = "https://files.pythonhosted.org/packages/20/8d/dc29316192b7f449ddb0f0796c3f169aa4870b62dc65015d2e3305eecce4/uv-0.12.6-py3-none-macosx_10_12_x86_64.whl", hash = "sha256:596e24f75b8b81d602228d00c4d7674b53013e94f04e22155f2c5486c3052438", size = 21296317, upload-time = "2026-08-25T19:38:59.08Z" },
    { url = "https://files.pythonhosted.org/packages/ef/5d/4c41b08b4e09729dd50f08b55238d5248a7bfb1a9f7cfba1c162046cfa1c/uv-0.12.6-py3-none-macosx_11_0_arm64.whl", hash = "sha256:55bc16b317b2d6044c402e3b1f2c6a8daa031407e9efa7ecbf5348ac0a1c0df5", size = 18115315, upload-time = "2026-08-25T19:39:02.354Z" },
    { url = "https://files.pythonhosted.org/packages/ae/3c/fe2c8b17df5302ea438ac595b5978210bcde9b23adf4fff755e592574fbf/uv-0.12.6-py3-none-manylinux_2_17_aarch64.manylinux2014_aarch64.musllinux_1_1_aarch64.whl", hash = "sha256:1226946a479a5ae9be4132dafb1a02303be2eb4d39e931d4310088d1c5e4d3a7", size = 22413322, upload-time = "2026-08-25T19:39:05.926Z" },
    { url = "https://files.pythonhosted.org/packages/1c/9d/195a98472a4971fb8045889fa0f04960c89bec22afb42af1f438119e9a4a/uv-0.12.6-py3-none-manylinux_2_17_armv7l.manylinux2014_armv7l.musllinux_1_1_armv7l.whl", hash = "sha256:4782d51befb745b378e155aafa00976377536c2c28bf214cea2068fc351b9081", size = 22503804, upload-time = "2026-08-25T19:39:09.605Z" },
    { url = "https://files.pythonhosted.org/packages/54/0c/3872d536cd809ffa87af6f3a116399857a48f2664ba4b21b38c5416535df/uv-0.12.6-py3-none-manylinux_2_17_armv7l.manylinux2014_armv7l.whl", hash = "sha256:8f4f135204aa5236c94348c073fafbb00a7c00c23c25a5ab517aff8e68127dc3", size = 22565554, upload-time = "2026-08-25T19:39:13.286Z" },
    { url = "https://files.pythonhosted.org/packages/77/bc/0fe96033ef905a2729fe512c73c08e541fc0427724777f01c2b934e5cfdd/uv-0.12.6-py3-none-manylinux_2_17_i686.manylinux2014_i686.whl", hash = "sha256:09ce6415e7bf2e9482f66be2d131312b96c72e2e9c4bba2f4084c67515309fed", size = 23136010, upload-time = "2026-08-25T19:39:16.87Z" },
    { url = "https://files.pythonhosted.org/packages/73/91/21756319256364d350ba38f1b3a16bd64ff726865d2d6bb677633fce3cb6/uv-0.12.6-py3-none-manylinux_2_17_ppc64le.manylinux2014_ppc64le.whl", hash = "sha256:db0888a800bfb661c0054c871d04d0b6ef4b8986e01222854c13346371d2b22d", size = 24466274, upload-time = "2026-08-25T19:39:20.723Z" },
    { url = "https://files.pythonhosted.org/packages/5e/49/38883c7734c13d1bc03081ec59c7e9ddd595460ad2fcfbd1a8220e02aa55/uv-0.12.6-py3-none-manylinux_2_17_s390x.manylinux2014_s390x.whl", hash = "sha256:cb3907b001b0054e8c81621455fb7aca26b4aa1fead35b3165013aadc5eb7ebd", size = 24318234, upload-time = "2026-08-25T19:39:25.019Z" },
    { url = "https://files.pythonhosted.org/packages/f6/6b/dbcffa319e640b3f38fc8764b99031773d4449725ca21854309e436c08f9/uv-0.12.6-py3-none-manylinux_2_17_x86_64.manylinux2014_x86_64.whl", hash = "sha256:8cb1c4af10a1037d2e875ac86da32ea0df20a9623e11769d33515d14158cd3c2", size = 20927695, upload-time = "2026-08-25T19:39:28.77Z" },
    { url = "https://files.pythonhosted.org/packages/e0/cc/4bde66c453d37e40c5861931f75fb66d207328f5ccbb18d44f818c81d920/uv-0.12.6-py3-none-manylinux_2_28_aarch64.whl", hash = "sha256:f8f11ae7d78092384679eac086210d63261af241c56d7c46fa4ded62400e56ee", size = 20273626, upload-time = "2026-08-25T19:39:32.384Z" },
    { url = "https://files.pythonhosted.org/packages/8a/1b/e0c92c3c81b32c7bb70e375b0d218ca6876100cf113765005332454c61f1/uv-0.12.6-py3-none-manylinux_2_31_riscv64.musllinux_1_1_riscv64.whl", hash = "sha256:c874e7077a7a9210531ee361843b7e6a50f8c71a45a3880aab289079042bfbaf", size = 23279870, upload-time = "2026-08-25T19:39:36.485Z" },
    { url = "https://files.pythonhosted.org/packages/65/fc/d24268fa3a39de0d79494fdc8c85000b6ef5b015754fb71b53d5912a2d84/uv-0.12.6-py3-none-manylinux_2_31_riscv64.whl", hash = "sha256:ca17e4d2213c4f756a37077776e93202107eb10a71d05e3f9f91f678edcb0239", size = 23375132, upload-time = "2026-08-25T19:39:40.13Z" },
    { url = "https://files.pythonhosted.org/packages/b0/ed/5903a2c3dd56b1c77f97c2d3f1c114f6247db0718d60afb8d08b2c84efa4/uv-0.12.6-py3-none-musllinux_1_1_i686.whl", hash = "sha256:de0c4119af8b7ec15f4d3630d7fb2d9b37fee752093e67a4365df395ffbbf3d7", size = 22276726, upload-time = "2026-08-25T19:39:43.786Z" },
    { url = "https://files.pythonhosted.org/packages/47/51/d9a3032bd233a1562b3bc90bbb5cca2aa6fa9669f4c1056ebe351b2f09fe/uv-0.12.6-py3-none-musllinux_1_1_x86_64.whl", hash = "sha256:b7f850c30395026aa024b72a8833133ed71a832fa843c6c59496d8f393cce726", size = 23759803, upload-time = "2026-08-25T19:39:47.72Z" },
    { url = "https://files.pythonhosted.org/packages/e7/b9/e91d756ce38a182e58b5731bcef66a428bc492facd0941cb46be14808830/uv-0.12.6-py3-none-win32.whl", hash = "sha256:99f1a686675befc705530e8cca4a7b066383bd4650967d410abf819ab52bc5ab", size = 20699250, upload-time = "2026-08-25T19:39:51.608Z" },
    { url = "https://files.pythonhosted.org/packages/11/69/c23e5b30db494f9b6e62e8d34ee87da2673c071d4f1518f89e93d52d1e2a/uv-0.12.6-py3-none-win_amd64.whl", hash = "sha256:8fa8fe6d7f4d9a897dd30159426e712094727494fbb7ef435bba3f83030b9fd7", size = 18927528, upload-time = "2026-08-25T19:39:55.299Z" },
    { url = "https://files.pythonhosted.org/packages/d4/41/b5b131a9c96e0c9e129edf30b1daffb3d8f8fbc3e9fc087624ffdd4700ad/uv-0.12.6-py3-none-win_arm64.whl", hash = "sha256:8a93a8c142940c106375cc50743faa7c610b6194e2e9e8da925a61aefb0302e6", size = 20332543, upload-time = "2026-08-25T19:39:59.173Z" },
]

[[package]]
name = "yamllint"
version = "1.38.0"
source = { registry = "https://pypi.org/simple" }
dependencies = [
    { name = "pathspec" },
    { name = "pyyaml" },
]
sdist = { url = "https://files.pythonhosted.org/packages/28/a0/8fc2d68e132cf918f18273fdc8a1b8432b60d75ac12fdae4b0ef5c9d2e8d/yamllint-1.38.0.tar.gz", hash = "sha256:09e5f29531daab93366bb061e76019d5e91691ef0a40328f04c927387d1d364d", size = 142446, upload-time = "2026-01-13T07:47:53.276Z" }
wheels = [
    { url = "https://files.pythonhosted.org/packages/05/92/aed08e68de6e6a3d7c2328ce7388072cd6affc26e2917197430b646aed02/yamllint-1.38.0-py3-none-any.whl", hash = "sha256:fc394a5b3be980a4062607b8fdddc0843f4fa394152b6da21722f5d59013c220", size = 68940, upload-time = "2026-01-13T07:47:51.343Z" },
]
